
Microsoft Visual Studio Solution File, Format Version 12.00
# Visual Studio Version 16
VisualStudioVersion = 16.0.31005.135
MinimumVisualStudioVersion = 10.0.40219.1
Project("{9A19103F-16F7-4668-BE54-9A1E7A4F7556}") = "MarketManagement", "MarketManagement\MarketManagement.csproj", "{8EACE56D-8AF1-442A-A2E0-959F6EA7BA23}"
EndProject
Project("{E53339B2-1760-4266-BCC7-CA923CBCF16C}") = "docker-compose", "docker-compose.dcproj", "{E5C644E3-BC0A-41DD-ACDC-6B4D8442F216}"
EndProject
Project("{2150E333-8FDC-42A3-9474-1A3956D46DE8}") = "Solution Items", "Solution Items", "{C79F000D-AD2E-4139-A9C7-3CE39EBA3E02}"
	ProjectSection(SolutionItems) = preProject
		Dockerfile = Dockerfile
	EndProjectSection
EndProject
Project("{9A19103F-16F7-4668-BE54-9A1E7A4F7556}") = "Tests", "Tests\Tests.csproj", "{6DF68F52-C48B-450B-8758-A3B5393C17A5}"
EndProject
Global
	GlobalSection(SolutionConfigurationPlatforms) = preSolution
		Debug|Any CPU = Debug|Any CPU
		Release|Any CPU = Release|Any CPU
	EndGlobalSection
	GlobalSection(ProjectConfigurationPlatforms) = postSolution
		{8EACE56D-8AF1-442A-A2E0-959F6EA7BA23}.Debug|Any CPU.ActiveCfg = Debug|Any CPU
		{8EACE56D-8AF1-442A-A2E0-959F6EA7BA23}.Debug|Any CPU.Build.0 = Debug|Any CPU
		{8EACE56D-8AF1-442A-A2E0-959F6EA7BA23}.Release|Any CPU.ActiveCfg = Release|Any CPU
		{8EACE56D-8AF1-442A-A2E0-959F6EA7BA23}.Release|Any CPU.Build.0 = Release|Any CPU
		{E5C644E3-BC0A-41DD-ACDC-6B4D8442F216}.Debug|Any CPU.ActiveCfg = Debug|Any CPU
		{E5C644E3-BC0A-41DD-ACDC-6B4D8442F216}.Debug|Any CPU.Build.0 = Debug|Any CPU
		{E5C644E3-BC0A-41DD-ACDC-6B4D8442F216}.Release|Any CPU.ActiveCfg = Release|Any CPU
		{E5C644E3-BC0A-41DD-ACDC-6B4D8442F216}.Release|Any CPU.Build.0 = Release|Any CPU
		{6DF68F52-C48B-450B-8758-A3B5393C17A5}.Debug|Any CPU.ActiveCfg = Debug|Any CPU
		{6DF68F52-C48B-450B-8758-A3B5393C17A5}.Debug|Any CPU.Build.0 = Debug|Any CPU
		{6DF68F52-C48B-450B-8758-A3B5393C17A5}.Release|Any CPU.ActiveCfg = Release|Any CPU
		{6DF68F52-C48B-450B-8758-A3B5393C17A5}.Release|Any CPU.Build.0 = Release|Any CPU
	EndGlobalSection
	GlobalSection(SolutionProperties) = preSolution
		HideSolutionNode = FALSE
	EndGlobalSection
	GlobalSection(ExtensibilityGlobals) = postSolution
		SolutionGuid = {ADBAFFD9-9BFC-46D3-838A-4A421F137804}
	EndGlobalSection
EndGlobal
